
Microsoft Visual Studio Solution File, Format Version 12.00
# Visual Studio Version 17
VisualStudioVersion = 17.8.34330.188
MinimumVisualStudioVersion = 10.0.40219.1
Project("{FAE04EC0-301F-11D3-BF4B-00C04F79EFBC}") = "BoardsManager.Api", "BoardsManager.Api\BoardsManager.Api.csproj", "{199505CA-064A-4EC4-A6CA-6488D553504A}"
EndProject
Project("{FAE04EC0-301F-11D3-BF4B-00C04F79EFBC}") = "BoardsManager.Core", "BoardsManager.Core\BoardsManager.Core.csproj", "{1797FAE5-50DC-4AE0-BE63-858D5E41B41A}"
EndProject
Project("{FAE04EC0-301F-11D3-BF4B-00C04F79EFBC}") = "BoardsManager.ServiceBus", "BoardsManager.ServiceBus\BoardsManager.ServiceBus.csproj", "{9EE6239F-A7E5-4ABF-A810-147B6A91A47D}"
EndProject
Project("{FAE04EC0-301F-11D3-BF4B-00C04F79EFBC}") = "BoardsManager.DataAccess", "BoardsManager.DataAccess\BoardsManager.DataAccess.csproj", "{5D21CE92-DD74-4320-B542-CEF27B6E1EA6}"
EndProject
Project("{FAE04EC0-301F-11D3-BF4B-00C04F79EFBC}") = "BoardsManager.Cards", "BoardsManager.Cards\BoardsManager.Cards.csproj", "{7B640018-B986-4CD6-85D6-A3D7DC089979}"
EndProject
Global
	GlobalSection(SolutionConfigurationPlatforms) = preSolution
		Debug|Any CPU = Debug|Any CPU
		Release|Any CPU = Release|Any CPU
	EndGlobalSection
	GlobalSection(ProjectConfigurationPlatforms) = postSolution
		{199505CA-064A-4EC4-A6CA-6488D553504A}.Debug|Any CPU.ActiveCfg = Debug|Any CPU
		{199505CA-064A-4EC4-A6CA-6488D553504A}.Debug|Any CPU.Build.0 = Debug|Any CPU
		{199505CA-064A-4EC4-A6CA-6488D553504A}.Release|Any CPU.ActiveCfg = Release|Any CPU
		{199505CA-064A-4EC4-A6CA-6488D553504A}.Release|Any CPU.Build.0 = Release|Any CPU
		{1797FAE5-50DC-4AE0-BE63-858D5E41B41A}.Debug|Any CPU.ActiveCfg = Debug|Any CPU
		{1797FAE5-50DC-4AE0-BE63-858D5E41B41A}.Debug|Any CPU.Build.0 = Debug|Any CPU
		{1797FAE5-50DC-4AE0-BE63-858D5E41B41A}.Release|Any CPU.ActiveCfg = Release|Any CPU
		{1797FAE5-50DC-4AE0-BE63-858D5E41B41A}.Release|Any CPU.Build.0 = Release|Any CPU
		{9EE6239F-A7E5-4ABF-A810-147B6A91A47D}.Debug|Any CPU.ActiveCfg = Debug|Any CPU
		{9EE6239F-A7E5-4ABF-A810-147B6A91A47D}.Debug|Any CPU.Build.0 = Debug|Any CPU
		{9EE6239F-A7E5-4ABF-A810-147B6A91A47D}.Release|Any CPU.ActiveCfg = Release|Any CPU
		{9EE6239F-A7E5-4ABF-A810-147B6A91A47D}.Release|Any CPU.Build.0 = Release|Any CPU
		{5D21CE92-DD74-4320-B542-CEF27B6E1EA6}.Debug|Any CPU.ActiveCfg = Debug|Any CPU
		{5D21CE92-DD74-4320-B542-CEF27B6E1EA6}.Debug|Any CPU.Build.0 = Debug|Any CPU
		{5D21CE92-DD74-4320-B542-CEF27B6E1EA6}.Release|Any CPU.ActiveCfg = Release|Any CPU
		{5D21CE92-DD74-4320-B542-CEF27B6E1EA6}.Release|Any CPU.Build.0 = Release|Any CPU
		{7B640018-B986-4CD6-85D6-A3D7DC089979}.Debug|Any CPU.ActiveCfg = Debug|Any CPU
		{7B640018-B986-4CD6-85D6-A3D7DC089979}.Debug|Any CPU.Build.0 = Debug|Any CPU
		{7B640018-B986-4CD6-85D6-A3D7DC089979}.Release|Any CPU.ActiveCfg = Release|Any CPU
		{7B640018-B986-4CD6-85D6-A3D7DC089979}.Release|Any CPU.Build.0 = Release|Any CPU
	EndGlobalSection
	GlobalSection(SolutionProperties) = preSolution
		HideSolutionNode = FALSE
	EndGlobalSection
	GlobalSection(ExtensibilityGlobals) = postSolution
		SolutionGuid = {F79D3237-5B24-4B54-8AA3-A6794C4AAAD7}
	EndGlobalSection
EndGlobal
